
Microsoft Visual Studio Solution File, Format Version 12.00
# Visual Studio 15
VisualStudioVersion = 15.0.26124.0
MinimumVisualStudioVersion = 15.0.26124.0
Project("{2150E333-8FDC-42A3-9474-1A3956D46DE8}") = "src", "src", "{75A5D572-0CBB-4265-8975-3BFDBCDE356D}"
EndProject
Project("{FAE04EC0-301F-11D3-BF4B-00C04F79EFBC}") = "web", "src\Web\web.csproj", "{7949BB1F-5D22-450C-9178-9356DFFCF605}"
EndProject
Project("{2150E333-8FDC-42A3-9474-1A3956D46DE8}") = "tests", "tests", "{F860E64A-A84A-4999-AA16-D4E64055F43B}"
EndProject
Project("{FAE04EC0-301F-11D3-BF4B-00C04F79EFBC}") = "FunctionalTests", "tests\FunctionalTests\FunctionalTests.csproj", "{CD49E0CA-41D7-44DB-92F1-53F41B165E68}"
EndProject
Project("{FAE04EC0-301F-11D3-BF4B-00C04F79EFBC}") = "IntegrationTests", "tests\IntegrationTests\IntegrationTests.csproj", "{2B4C236E-B11B-4934-957F-916C13B58FE7}"
EndProject
Project("{FAE04EC0-301F-11D3-BF4B-00C04F79EFBC}") = "UnitTests", "tests\UnitTests\UnitTests.csproj", "{FCF6CB76-4D64-4DCB-949F-965D1D3F15C9}"
EndProject
Global
	GlobalSection(SolutionConfigurationPlatforms) = preSolution
		Debug|Any CPU = Debug|Any CPU
		Debug|x64 = Debug|x64
		Debug|x86 = Debug|x86
		Release|Any CPU = Release|Any CPU
		Release|x64 = Release|x64
		Release|x86 = Release|x86
	EndGlobalSection
	GlobalSection(SolutionProperties) = preSolution
		HideSolutionNode = FALSE
	EndGlobalSection
	GlobalSection(ProjectConfigurationPlatforms) = postSolution
		{7949BB1F-5D22-450C-9178-9356DFFCF605}.Debug|Any CPU.ActiveCfg = Debug|Any CPU
		{7949BB1F-5D22-450C-9178-9356DFFCF605}.Debug|Any CPU.Build.0 = Debug|Any CPU
		{7949BB1F-5D22-450C-9178-9356DFFCF605}.Debug|x64.ActiveCfg = Debug|Any CPU
		{7949BB1F-5D22-450C-9178-9356DFFCF605}.Debug|x64.Build.0 = Debug|Any CPU
		{7949BB1F-5D22-450C-9178-9356DFFCF605}.Debug|x86.ActiveCfg = Debug|Any CPU
		{7949BB1F-5D22-450C-9178-9356DFFCF605}.Debug|x86.Build.0 = Debug|Any CPU
		{7949BB1F-5D22-450C-9178-9356DFFCF605}.Release|Any CPU.ActiveCfg = Release|Any CPU
		{7949BB1F-5D22-450C-9178-9356DFFCF605}.Release|Any CPU.Build.0 = Release|Any CPU
		{7949BB1F-5D22-450C-9178-9356DFFCF605}.Release|x64.ActiveCfg = Release|Any CPU
		{7949BB1F-5D22-450C-9178-9356DFFCF605}.Release|x64.Build.0 = Release|Any CPU
		{7949BB1F-5D22-450C-9178-9356DFFCF605}.Release|x86.ActiveCfg = Release|Any CPU
		{7949BB1F-5D22-450C-9178-9356DFFCF605}.Release|x86.Build.0 = Release|Any CPU
		{CD49E0CA-41D7-44DB-92F1-53F41B165E68}.Debug|Any CPU.ActiveCfg = Debug|Any CPU
		{CD49E0CA-41D7-44DB-92F1-53F41B165E68}.Debug|Any CPU.Build.0 = Debug|Any CPU
		{CD49E0CA-41D7-44DB-92F1-53F41B165E68}.Debug|x64.ActiveCfg = Debug|Any CPU
		{CD49E0CA-41D7-44DB-92F1-53F41B165E68}.Debug|x64.Build.0 = Debug|Any CPU
		{CD49E0CA-41D7-44DB-92F1-53F41B165E68}.Debug|x86.ActiveCfg = Debug|Any CPU
		{CD49E0CA-41D7-44DB-92F1-53F41B165E68}.Debug|x86.Build.0 = Debug|Any CPU
		{CD49E0CA-41D7-44DB-92F1-53F41B165E68}.Release|Any CPU.ActiveCfg = Release|Any CPU
		{CD49E0CA-41D7-44DB-92F1-53F41B165E68}.Release|Any CPU.Build.0 = Release|Any CPU
		{CD49E0CA-41D7-44DB-92F1-53F41B165E68}.Release|x64.ActiveCfg = Release|Any CPU
		{CD49E0CA-41D7-44DB-92F1-53F41B165E68}.Release|x64.Build.0 = Release|Any CPU
		{CD49E0CA-41D7-44DB-92F1-53F41B165E68}.Release|x86.ActiveCfg = Release|Any CPU
		{CD49E0CA-41D7-44DB-92F1-53F41B165E68}.Release|x86.Build.0 = Release|Any CPU
		{2B4C236E-B11B-4934-957F-916C13B58FE7}.Debug|Any CPU.ActiveCfg = Debug|Any CPU
		{2B4C236E-B11B-4934-957F-916C13B58FE7}.Debug|Any CPU.Build.0 = Debug|Any CPU
		{2B4C236E-B11B-4934-957F-916C13B58FE7}.Debug|x64.ActiveCfg = Debug|Any CPU
		{2B4C236E-B11B-4934-957F-916C13B58FE7}.Debug|x64.Build.0 = Debug|Any CPU
		{2B4C236E-B11B-4934-957F-916C13B58FE7}.Debug|x86.ActiveCfg = Debug|Any CPU
		{2B4C236E-B11B-4934-957F-916C13B58FE7}.Debug|x86.Build.0 = Debug|Any CPU
		{2B4C236E-B11B-4934-957F-916C13B58FE7}.Release|Any CPU.ActiveCfg = Release|Any CPU
		{2B4C236E-B11B-4934-957F-916C13B58FE7}.Release|Any CPU.Build.0 = Release|Any CPU
		{2B4C236E-B11B-4934-957F-916C13B58FE7}.Release|x64.ActiveCfg = Release|Any CPU
		{2B4C236E-B11B-4934-957F-916C13B58FE7}.Release|x64.Build.0 = Release|Any CPU
		{2B4C236E-B11B-4934-957F-916C13B58FE7}.Release|x86.ActiveCfg = Release|Any CPU
		{2B4C236E-B11B-4934-957F-916C13B58FE7}.Release|x86.Build.0 = Release|Any CPU
		{FCF6CB76-4D64-4DCB-949F-965D1D3F15C9}.Debug|Any CPU.ActiveCfg = Debug|Any CPU
		{FCF6CB76-4D64-4DCB-949F-965D1D3F15C9}.Debug|Any CPU.Build.0 = Debug|Any CPU
		{FCF6CB76-4D64-4DCB-949F-965D1D3F15C9}.Debug|x64.ActiveCfg = Debug|Any CPU
		{FCF6CB76-4D64-4DCB-949F-965D1D3F15C9}.Debug|x64.Build.0 = Debug|Any CPU
		{FCF6CB76-4D64-4DCB-949F-965D1D3F15C9}.Debug|x86.ActiveCfg = Debug|Any CPU
		{FCF6CB76-4D64-4DCB-949F-965D1D3F15C9}.Debug|x86.Build.0 = Debug|Any CPU
		{FCF6CB76-4D64-4DCB-949F-965D1D3F15C9}.Release|Any CPU.ActiveCfg = Release|Any CPU
		{FCF6CB76-4D64-4DCB-949F-965D1D3F15C9}.Release|Any CPU.Build.0 = Release|Any CPU
		{FCF6CB76-4D64-4DCB-949F-965D1D3F15C9}.Release|x64.ActiveCfg = Release|Any CPU
		{FCF6CB76-4D64-4DCB-949F-965D1D3F15C9}.Release|x64.Build.0 = Release|Any CPU
		{FCF6CB76-4D64-4DCB-949F-965D1D3F15C9}.Release|x86.ActiveCfg = Release|Any CPU
		{FCF6CB76-4D64-4DCB-949F-965D1D3F15C9}.Release|x86.Build.0 = Release|Any CPU
	EndGlobalSection
	GlobalSection(NestedProjects) = preSolution
		{7949BB1F-5D22-450C-9178-9356DFFCF605} = {75A5D572-0CBB-4265-8975-3BFDBCDE356D}
		{CD49E0CA-41D7-44DB-92F1-53F41B165E68} = {F860E64A-A84A-4999-AA16-D4E64055F43B}
		{2B4C236E-B11B-4934-957F-916C13B58FE7} = {F860E64A-A84A-4999-AA16-D4E64055F43B}
		{FCF6CB76-4D64-4DCB-949F-965D1D3F15C9} = {F860E64A-A84A-4999-AA16-D4E64055F43B}
	EndGlobalSection
EndGlobal
